
Microsoft Visual Studio Solution File, Format Version 12.00
Project("{FAE04EC0-301F-11D3-BF4B-00C04F79EFBC}") = "Core", "Core\Core.csproj", "{D32BAC0C-2FB2-441E-B7AA-8002A058720A}"
EndProject
Project("{FAE04EC0-301F-11D3-BF4B-00C04F79EFBC}") = "Interactivity", "Interactivity\Interactivity.csproj", "{89CC3348-7E35-41B1-BD78-7FDB926B35DF}"
EndProject
Project("{FAE04EC0-301F-11D3-BF4B-00C04F79EFBC}") = "InteractivityTests", "InteractivityTests\InteractivityTests.csproj", "{2F77376F-F42A-434C-B00E-449A04E6865E}"
EndProject
Project("{FAE04EC0-301F-11D3-BF4B-00C04F79EFBC}") = "UI", "UI\UI.csproj", "{34134FD2-41CA-49EE-AC4B-E95479F05A47}"
EndProject
Project("{FAE04EC0-301F-11D3-BF4B-00C04F79EFBC}") = "UITests", "UITests\UITests.csproj", "{BF507713-5DF2-4FD2-A3F1-8BE5A329F176}"
EndProject
Project("{FAE04EC0-301F-11D3-BF4B-00C04F79EFBC}") = "NetworkTests", "NetworkTests\NetworkTests.csproj", "{AE8821D5-000E-4CD6-AFB2-7198C47E8976}"
EndProject
Project("{FAE04EC0-301F-11D3-BF4B-00C04F79EFBC}") = "CoreClient", "CoreClient\CoreClient.csproj", "{F7345DC1-0391-407B-AD34-A141D63A2FEE}"
EndProject
Global
	GlobalSection(SolutionConfigurationPlatforms) = preSolution
		Debug|Any CPU = Debug|Any CPU
		Release|Any CPU = Release|Any CPU
	EndGlobalSection
	GlobalSection(ProjectConfigurationPlatforms) = postSolution
		{D32BAC0C-2FB2-441E-B7AA-8002A058720A}.Debug|Any CPU.ActiveCfg = Debug|Any CPU
		{D32BAC0C-2FB2-441E-B7AA-8002A058720A}.Debug|Any CPU.Build.0 = Debug|Any CPU
		{D32BAC0C-2FB2-441E-B7AA-8002A058720A}.Release|Any CPU.ActiveCfg = Release|Any CPU
		{D32BAC0C-2FB2-441E-B7AA-8002A058720A}.Release|Any CPU.Build.0 = Release|Any CPU
		{89CC3348-7E35-41B1-BD78-7FDB926B35DF}.Debug|Any CPU.ActiveCfg = Debug|Any CPU
		{89CC3348-7E35-41B1-BD78-7FDB926B35DF}.Debug|Any CPU.Build.0 = Debug|Any CPU
		{89CC3348-7E35-41B1-BD78-7FDB926B35DF}.Release|Any CPU.ActiveCfg = Release|Any CPU
		{89CC3348-7E35-41B1-BD78-7FDB926B35DF}.Release|Any CPU.Build.0 = Release|Any CPU
		{2F77376F-F42A-434C-B00E-449A04E6865E}.Debug|Any CPU.ActiveCfg = Debug|Any CPU
		{2F77376F-F42A-434C-B00E-449A04E6865E}.Debug|Any CPU.Build.0 = Debug|Any CPU
		{2F77376F-F42A-434C-B00E-449A04E6865E}.Release|Any CPU.ActiveCfg = Release|Any CPU
		{2F77376F-F42A-434C-B00E-449A04E6865E}.Release|Any CPU.Build.0 = Release|Any CPU
		{34134FD2-41CA-49EE-AC4B-E95479F05A47}.Debug|Any CPU.ActiveCfg = Debug|Any CPU
		{34134FD2-41CA-49EE-AC4B-E95479F05A47}.Debug|Any CPU.Build.0 = Debug|Any CPU
		{34134FD2-41CA-49EE-AC4B-E95479F05A47}.Release|Any CPU.ActiveCfg = Release|Any CPU
		{34134FD2-41CA-49EE-AC4B-E95479F05A47}.Release|Any CPU.Build.0 = Release|Any CPU
		{BF507713-5DF2-4FD2-A3F1-8BE5A329F176}.Debug|Any CPU.ActiveCfg = Debug|Any CPU
		{BF507713-5DF2-4FD2-A3F1-8BE5A329F176}.Debug|Any CPU.Build.0 = Debug|Any CPU
		{BF507713-5DF2-4FD2-A3F1-8BE5A329F176}.Release|Any CPU.ActiveCfg = Release|Any CPU
		{BF507713-5DF2-4FD2-A3F1-8BE5A329F176}.Release|Any CPU.Build.0 = Release|Any CPU
		{AE8821D5-000E-4CD6-AFB2-7198C47E8976}.Debug|Any CPU.ActiveCfg = Debug|Any CPU
		{AE8821D5-000E-4CD6-AFB2-7198C47E8976}.Debug|Any CPU.Build.0 = Debug|Any CPU
		{AE8821D5-000E-4CD6-AFB2-7198C47E8976}.Release|Any CPU.ActiveCfg = Release|Any CPU
		{AE8821D5-000E-4CD6-AFB2-7198C47E8976}.Release|Any CPU.Build.0 = Release|Any CPU
		{F7345DC1-0391-407B-AD34-A141D63A2FEE}.Debug|Any CPU.ActiveCfg = Debug|Any CPU
		{F7345DC1-0391-407B-AD34-A141D63A2FEE}.Debug|Any CPU.Build.0 = Debug|Any CPU
		{F7345DC1-0391-407B-AD34-A141D63A2FEE}.Release|Any CPU.ActiveCfg = Release|Any CPU
		{F7345DC1-0391-407B-AD34-A141D63A2FEE}.Release|Any CPU.Build.0 = Release|Any CPU
	EndGlobalSection
EndGlobal
