
Microsoft Visual Studio Solution File, Format Version 12.00
Project("{FAE04EC0-301F-11D3-BF4B-00C04F79EFBC}") = "Interactivity", "Interactivity\Interactivity.csproj", "{89CC3348-7E35-41B1-BD78-7FDB926B35DF}"
EndProject
Project("{FAE04EC0-301F-11D3-BF4B-00C04F79EFBC}") = "InteractivityTests", "InteractivityTests\InteractivityTests.csproj", "{2F77376F-F42A-434C-B00E-449A04E6865E}"
EndProject
Project("{FAE04EC0-301F-11D3-BF4B-00C04F79EFBC}") = "UI", "UI\UI.csproj", "{34134FD2-41CA-49EE-AC4B-E95479F05A47}"
EndProject
Project("{FAE04EC0-301F-11D3-BF4B-00C04F79EFBC}") = "UITests", "UITests\UITests.csproj", "{BF507713-5DF2-4FD2-A3F1-8BE5A329F176}"
EndProject
Project("{FAE04EC0-301F-11D3-BF4B-00C04F79EFBC}") = "NetworkTests", "NetworkTests\NetworkTests.csproj", "{AE8821D5-000E-4CD6-AFB2-7198C47E8976}"
EndProject
Project("{FAE04EC0-301F-11D3-BF4B-00C04F79EFBC}") = "CoreClient", "CoreClient\CoreClient.csproj", "{F7345DC1-0391-407B-AD34-A141D63A2FEE}"
EndProject
Project("{FAE04EC0-301F-11D3-BF4B-00C04F79EFBC}") = "CameraTool", "CameraTool\CameraTool.csproj", "{F951D023-54CD-4818-8B0F-657388703A5D}"
EndProject
Project("{FAE04EC0-301F-11D3-BF4B-00C04F79EFBC}") = "Core", "Core\Core.csproj", "{410B73DE-B5E6-4FA1-80AC-A4CB1A357CEE}"
EndProject
Project("{FAE04EC0-301F-11D3-BF4B-00C04F79EFBC}") = "Dialogues", "Dialogues\Dialogues.csproj", "{0D2D3D0D-5B5E-4A96-ABB5-4B2B17A8983A}"
EndProject
Global
	GlobalSection(SolutionConfigurationPlatforms) = preSolution
		Debug|Any CPU = Debug|Any CPU
		Release|Any CPU = Release|Any CPU
	EndGlobalSection
	GlobalSection(ProjectConfigurationPlatforms) = postSolution
		{89CC3348-7E35-41B1-BD78-7FDB926B35DF}.Debug|Any CPU.ActiveCfg = Debug|Any CPU
		{89CC3348-7E35-41B1-BD78-7FDB926B35DF}.Debug|Any CPU.Build.0 = Debug|Any CPU
		{89CC3348-7E35-41B1-BD78-7FDB926B35DF}.Release|Any CPU.ActiveCfg = Release|Any CPU
		{89CC3348-7E35-41B1-BD78-7FDB926B35DF}.Release|Any CPU.Build.0 = Release|Any CPU
		{2F77376F-F42A-434C-B00E-449A04E6865E}.Debug|Any CPU.ActiveCfg = Debug|Any CPU
		{2F77376F-F42A-434C-B00E-449A04E6865E}.Debug|Any CPU.Build.0 = Debug|Any CPU
		{2F77376F-F42A-434C-B00E-449A04E6865E}.Release|Any CPU.ActiveCfg = Release|Any CPU
		{2F77376F-F42A-434C-B00E-449A04E6865E}.Release|Any CPU.Build.0 = Release|Any CPU
		{34134FD2-41CA-49EE-AC4B-E95479F05A47}.Debug|Any CPU.ActiveCfg = Debug|Any CPU
		{34134FD2-41CA-49EE-AC4B-E95479F05A47}.Debug|Any CPU.Build.0 = Debug|Any CPU
		{34134FD2-41CA-49EE-AC4B-E95479F05A47}.Release|Any CPU.ActiveCfg = Release|Any CPU
		{34134FD2-41CA-49EE-AC4B-E95479F05A47}.Release|Any CPU.Build.0 = Release|Any CPU
		{BF507713-5DF2-4FD2-A3F1-8BE5A329F176}.Debug|Any CPU.ActiveCfg = Debug|Any CPU
		{BF507713-5DF2-4FD2-A3F1-8BE5A329F176}.Debug|Any CPU.Build.0 = Debug|Any CPU
		{BF507713-5DF2-4FD2-A3F1-8BE5A329F176}.Release|Any CPU.ActiveCfg = Release|Any CPU
		{BF507713-5DF2-4FD2-A3F1-8BE5A329F176}.Release|Any CPU.Build.0 = Release|Any CPU
		{AE8821D5-000E-4CD6-AFB2-7198C47E8976}.Debug|Any CPU.ActiveCfg = Debug|Any CPU
		{AE8821D5-000E-4CD6-AFB2-7198C47E8976}.Debug|Any CPU.Build.0 = Debug|Any CPU
		{AE8821D5-000E-4CD6-AFB2-7198C47E8976}.Release|Any CPU.ActiveCfg = Release|Any CPU
		{AE8821D5-000E-4CD6-AFB2-7198C47E8976}.Release|Any CPU.Build.0 = Release|Any CPU
		{F7345DC1-0391-407B-AD34-A141D63A2FEE}.Debug|Any CPU.ActiveCfg = Debug|Any CPU
		{F7345DC1-0391-407B-AD34-A141D63A2FEE}.Debug|Any CPU.Build.0 = Debug|Any CPU
		{F7345DC1-0391-407B-AD34-A141D63A2FEE}.Release|Any CPU.ActiveCfg = Release|Any CPU
		{F7345DC1-0391-407B-AD34-A141D63A2FEE}.Release|Any CPU.Build.0 = Release|Any CPU
		{F951D023-54CD-4818-8B0F-657388703A5D}.Debug|Any CPU.ActiveCfg = Debug|Any CPU
		{F951D023-54CD-4818-8B0F-657388703A5D}.Debug|Any CPU.Build.0 = Debug|Any CPU
		{F951D023-54CD-4818-8B0F-657388703A5D}.Release|Any CPU.ActiveCfg = Release|Any CPU
		{F951D023-54CD-4818-8B0F-657388703A5D}.Release|Any CPU.Build.0 = Release|Any CPU
		{410B73DE-B5E6-4FA1-80AC-A4CB1A357CEE}.Debug|Any CPU.ActiveCfg = Debug|Any CPU
		{410B73DE-B5E6-4FA1-80AC-A4CB1A357CEE}.Debug|Any CPU.Build.0 = Debug|Any CPU
		{410B73DE-B5E6-4FA1-80AC-A4CB1A357CEE}.Release|Any CPU.ActiveCfg = Release|Any CPU
		{410B73DE-B5E6-4FA1-80AC-A4CB1A357CEE}.Release|Any CPU.Build.0 = Release|Any CPU
		{0D2D3D0D-5B5E-4A96-ABB5-4B2B17A8983A}.Debug|Any CPU.ActiveCfg = Debug|Any CPU
		{0D2D3D0D-5B5E-4A96-ABB5-4B2B17A8983A}.Debug|Any CPU.Build.0 = Debug|Any CPU
		{0D2D3D0D-5B5E-4A96-ABB5-4B2B17A8983A}.Release|Any CPU.ActiveCfg = Release|Any CPU
		{0D2D3D0D-5B5E-4A96-ABB5-4B2B17A8983A}.Release|Any CPU.Build.0 = Release|Any CPU
	EndGlobalSection
EndGlobal
